
Microsoft Visual Studio Solution File, Format Version 12.00
# Visual Studio Version 16
VisualStudioVersion = 16.0.31515.178
MinimumVisualStudioVersion = 10.0.40219.1
Project("{FAE04EC0-301F-11D3-BF4B-00C04F79EFBC}") = "KomodoInsurance_Console", "KomodoInsurance_Console\KomodoInsurance_Console.csproj", "{539B7DEC-38E4-4A7D-9BCC-C60EEB2BE4BD}"
EndProject
Project("{FAE04EC0-301F-11D3-BF4B-00C04F79EFBC}") = "Developer_Class_Library", "Developer_Class_Library\Developer_Class_Library.csproj", "{2F42FEE2-72B9-4825-9060-0C78E43F08B6}"
EndProject
Project("{FAE04EC0-301F-11D3-BF4B-00C04F79EFBC}") = "DevTeam_Class_Library", "DevTeam_Class_Library\DevTeam_Class_Library.csproj", "{476011DB-614F-4B44-8C22-163BC64C2477}"
EndProject
Global
	GlobalSection(SolutionConfigurationPlatforms) = preSolution
		Debug|Any CPU = Debug|Any CPU
		Release|Any CPU = Release|Any CPU
	EndGlobalSection
	GlobalSection(ProjectConfigurationPlatforms) = postSolution
		{539B7DEC-38E4-4A7D-9BCC-C60EEB2BE4BD}.Debug|Any CPU.ActiveCfg = Debug|Any CPU
		{539B7DEC-38E4-4A7D-9BCC-C60EEB2BE4BD}.Debug|Any CPU.Build.0 = Debug|Any CPU
		{539B7DEC-38E4-4A7D-9BCC-C60EEB2BE4BD}.Release|Any CPU.ActiveCfg = Release|Any CPU
		{539B7DEC-38E4-4A7D-9BCC-C60EEB2BE4BD}.Release|Any CPU.Build.0 = Release|Any CPU
		{2F42FEE2-72B9-4825-9060-0C78E43F08B6}.Debug|Any CPU.ActiveCfg = Debug|Any CPU
		{2F42FEE2-72B9-4825-9060-0C78E43F08B6}.Debug|Any CPU.Build.0 = Debug|Any CPU
		{2F42FEE2-72B9-4825-9060-0C78E43F08B6}.Release|Any CPU.ActiveCfg = Release|Any CPU
		{2F42FEE2-72B9-4825-9060-0C78E43F08B6}.Release|Any CPU.Build.0 = Release|Any CPU
		{476011DB-614F-4B44-8C22-163BC64C2477}.Debug|Any CPU.ActiveCfg = Debug|Any CPU
		{476011DB-614F-4B44-8C22-163BC64C2477}.Debug|Any CPU.Build.0 = Debug|Any CPU
		{476011DB-614F-4B44-8C22-163BC64C2477}.Release|Any CPU.ActiveCfg = Release|Any CPU
		{476011DB-614F-4B44-8C22-163BC64C2477}.Release|Any CPU.Build.0 = Release|Any CPU
	EndGlobalSection
	GlobalSection(SolutionProperties) = preSolution
		HideSolutionNode = FALSE
	EndGlobalSection
	GlobalSection(ExtensibilityGlobals) = postSolution
		SolutionGuid = {1B19C5BC-E4C7-4429-B1E4-B0B31F028D70}
	EndGlobalSection
EndGlobal
